
Microsoft Visual Studio Solution File, Format Version 12.00
# Visual Studio 15
VisualStudioVersion = 15.0.27703.2042
MinimumVisualStudioVersion = 10.0.40219.1
Project("{FAE04EC0-301F-11D3-BF4B-00C04F79EFBC}") = "ChatCourseWork", "ChatCourseWork\ChatCourseWork.csproj", "{2237740E-BA6B-471A-8493-007BE13A0BA5}"
EndProject
Project("{FAE04EC0-301F-11D3-BF4B-00C04F79EFBC}") = "ChatCourseWork.Tests", "ChatCourseWork.Tests\ChatCourseWork.Tests.csproj", "{CD676A16-AC3D-43AE-A59F-F8AAC32E8C3E}"
EndProject
Project("{FAE04EC0-301F-11D3-BF4B-00C04F79EFBC}") = "ChatCourseWork.Common", "WebApplication1\ChatCourseWork.Common.csproj", "{63FD9FC3-938B-450F-BC13-3D50D997F03F}"
EndProject
Global
	GlobalSection(SolutionConfigurationPlatforms) = preSolution
		Debug|Any CPU = Debug|Any CPU
		Release|Any CPU = Release|Any CPU
	EndGlobalSection
	GlobalSection(ProjectConfigurationPlatforms) = postSolution
		{2237740E-BA6B-471A-8493-007BE13A0BA5}.Debug|Any CPU.ActiveCfg = Debug|Any CPU
		{2237740E-BA6B-471A-8493-007BE13A0BA5}.Debug|Any CPU.Build.0 = Debug|Any CPU
		{2237740E-BA6B-471A-8493-007BE13A0BA5}.Release|Any CPU.ActiveCfg = Release|Any CPU
		{2237740E-BA6B-471A-8493-007BE13A0BA5}.Release|Any CPU.Build.0 = Release|Any CPU
		{CD676A16-AC3D-43AE-A59F-F8AAC32E8C3E}.Debug|Any CPU.ActiveCfg = Debug|Any CPU
		{CD676A16-AC3D-43AE-A59F-F8AAC32E8C3E}.Debug|Any CPU.Build.0 = Debug|Any CPU
		{CD676A16-AC3D-43AE-A59F-F8AAC32E8C3E}.Release|Any CPU.ActiveCfg = Release|Any CPU
		{CD676A16-AC3D-43AE-A59F-F8AAC32E8C3E}.Release|Any CPU.Build.0 = Release|Any CPU
		{63FD9FC3-938B-450F-BC13-3D50D997F03F}.Debug|Any CPU.ActiveCfg = Debug|Any CPU
		{63FD9FC3-938B-450F-BC13-3D50D997F03F}.Debug|Any CPU.Build.0 = Debug|Any CPU
		{63FD9FC3-938B-450F-BC13-3D50D997F03F}.Release|Any CPU.ActiveCfg = Release|Any CPU
		{63FD9FC3-938B-450F-BC13-3D50D997F03F}.Release|Any CPU.Build.0 = Release|Any CPU
	EndGlobalSection
	GlobalSection(SolutionProperties) = preSolution
		HideSolutionNode = FALSE
	EndGlobalSection
	GlobalSection(ExtensibilityGlobals) = postSolution
		SolutionGuid = {4118EFE9-E028-4C84-A06F-FCDB7DCE0E64}
	EndGlobalSection
EndGlobal
